
Microsoft Visual Studio Solution File, Format Version 12.00
# Visual Studio Version 17
VisualStudioVersion = 17.0.32014.148
MinimumVisualStudioVersion = 10.0.40219.1
Project("{FAE04EC0-301F-11D3-BF4B-00C04F79EFBC}") = "1.2-Grafica de Tiempos", "1.2-Grafica de Tiempos\1.2-Grafica de Tiempos.csproj", "{106AE8E8-EAFC-472B-9C25-114F224EBE88}"
EndProject
Global
	GlobalSection(SolutionConfigurationPlatforms) = preSolution
		Debug|Any CPU = Debug|Any CPU
		Debug|x64 = Debug|x64
		Release|Any CPU = Release|Any CPU
		Release|x64 = Release|x64
	EndGlobalSection
	GlobalSection(ProjectConfigurationPlatforms) = postSolution
		{106AE8E8-EAFC-472B-9C25-114F224EBE88}.Debug|Any CPU.ActiveCfg = Debug|Any CPU
		{106AE8E8-EAFC-472B-9C25-114F224EBE88}.Debug|Any CPU.Build.0 = Debug|Any CPU
		{106AE8E8-EAFC-472B-9C25-114F224EBE88}.Debug|x64.ActiveCfg = Debug|x64
		{106AE8E8-EAFC-472B-9C25-114F224EBE88}.Debug|x64.Build.0 = Debug|x64
		{106AE8E8-EAFC-472B-9C25-114F224EBE88}.Release|Any CPU.ActiveCfg = Release|Any CPU
		{106AE8E8-EAFC-472B-9C25-114F224EBE88}.Release|Any CPU.Build.0 = Release|Any CPU
		{106AE8E8-EAFC-472B-9C25-114F224EBE88}.Release|x64.ActiveCfg = Release|x64
		{106AE8E8-EAFC-472B-9C25-114F224EBE88}.Release|x64.Build.0 = Release|x64
	EndGlobalSection
	GlobalSection(SolutionProperties) = preSolution
		HideSolutionNode = FALSE
	EndGlobalSection
	GlobalSection(ExtensibilityGlobals) = postSolution
		SolutionGuid = {81C4C97B-BCCC-43E3-AD9F-8F88F332756F}
	EndGlobalSection
EndGlobal
