
Microsoft Visual Studio Solution File, Format Version 12.00
# Visual Studio Version 17
VisualStudioVersion = 17.0.32014.148
MinimumVisualStudioVersion = 10.0.40219.1
Project("{FAE04EC0-301F-11D3-BF4B-00C04F79EFBC}") = "1.5-Consumir Web Service", "1.5-Consumir Web Service\1.5-Consumir Web Service.csproj", "{A004C5FF-1E02-4812-BE91-242DE3D91286}"
EndProject
Global
	GlobalSection(SolutionConfigurationPlatforms) = preSolution
		Debug|Any CPU = Debug|Any CPU
		Debug|x64 = Debug|x64
		Release|Any CPU = Release|Any CPU
		Release|x64 = Release|x64
	EndGlobalSection
	GlobalSection(ProjectConfigurationPlatforms) = postSolution
		{A004C5FF-1E02-4812-BE91-242DE3D91286}.Debug|Any CPU.ActiveCfg = Debug|Any CPU
		{A004C5FF-1E02-4812-BE91-242DE3D91286}.Debug|Any CPU.Build.0 = Debug|Any CPU
		{A004C5FF-1E02-4812-BE91-242DE3D91286}.Debug|x64.ActiveCfg = Debug|x64
		{A004C5FF-1E02-4812-BE91-242DE3D91286}.Debug|x64.Build.0 = Debug|x64
		{A004C5FF-1E02-4812-BE91-242DE3D91286}.Release|Any CPU.ActiveCfg = Release|Any CPU
		{A004C5FF-1E02-4812-BE91-242DE3D91286}.Release|Any CPU.Build.0 = Release|Any CPU
		{A004C5FF-1E02-4812-BE91-242DE3D91286}.Release|x64.ActiveCfg = Release|x64
		{A004C5FF-1E02-4812-BE91-242DE3D91286}.Release|x64.Build.0 = Release|x64
	EndGlobalSection
	GlobalSection(SolutionProperties) = preSolution
		HideSolutionNode = FALSE
	EndGlobalSection
	GlobalSection(ExtensibilityGlobals) = postSolution
		SolutionGuid = {272959FA-A5FA-44BC-ACB8-6F442F7DF081}
	EndGlobalSection
EndGlobal
